
Microsoft Visual Studio Solution File, Format Version 12.00
# Visual Studio Version 17
VisualStudioVersion = 17.11.35017.193
MinimumVisualStudioVersion = 10.0.40219.1
Project("{FAE04EC0-301F-11D3-BF4B-00C04F79EFBC}") = "OpenAIinNET", "OpenAIinNET\OpenAIinNET.csproj", "{11339E40-5A5B-48EB-9230-CA4C0F7D5106}"
EndProject
Project("{FAE04EC0-301F-11D3-BF4B-00C04F79EFBC}") = "OpenAIinNET.AI", "OpenAIinNet.AIService\OpenAIinNET.AI.csproj", "{C6F87DD4-820A-4703-B42C-BF4356E71758}"
EndProject
Project("{FAE04EC0-301F-11D3-BF4B-00C04F79EFBC}") = "OpenAIinNET.Selenium", "OpenAIinNET.SeleniumService\OpenAIinNET.Selenium.csproj", "{CC99D189-4EFC-40BB-9C27-2E02BD2C82FC}"
EndProject
Global
	GlobalSection(SolutionConfigurationPlatforms) = preSolution
		Debug|Any CPU = Debug|Any CPU
		Release|Any CPU = Release|Any CPU
	EndGlobalSection
	GlobalSection(ProjectConfigurationPlatforms) = postSolution
		{11339E40-5A5B-48EB-9230-CA4C0F7D5106}.Debug|Any CPU.ActiveCfg = Debug|Any CPU
		{11339E40-5A5B-48EB-9230-CA4C0F7D5106}.Debug|Any CPU.Build.0 = Debug|Any CPU
		{11339E40-5A5B-48EB-9230-CA4C0F7D5106}.Release|Any CPU.ActiveCfg = Release|Any CPU
		{11339E40-5A5B-48EB-9230-CA4C0F7D5106}.Release|Any CPU.Build.0 = Release|Any CPU
		{C6F87DD4-820A-4703-B42C-BF4356E71758}.Debug|Any CPU.ActiveCfg = Debug|Any CPU
		{C6F87DD4-820A-4703-B42C-BF4356E71758}.Debug|Any CPU.Build.0 = Debug|Any CPU
		{C6F87DD4-820A-4703-B42C-BF4356E71758}.Release|Any CPU.ActiveCfg = Release|Any CPU
		{C6F87DD4-820A-4703-B42C-BF4356E71758}.Release|Any CPU.Build.0 = Release|Any CPU
		{CC99D189-4EFC-40BB-9C27-2E02BD2C82FC}.Debug|Any CPU.ActiveCfg = Debug|Any CPU
		{CC99D189-4EFC-40BB-9C27-2E02BD2C82FC}.Debug|Any CPU.Build.0 = Debug|Any CPU
		{CC99D189-4EFC-40BB-9C27-2E02BD2C82FC}.Release|Any CPU.ActiveCfg = Release|Any CPU
		{CC99D189-4EFC-40BB-9C27-2E02BD2C82FC}.Release|Any CPU.Build.0 = Release|Any CPU
	EndGlobalSection
	GlobalSection(SolutionProperties) = preSolution
		HideSolutionNode = FALSE
	EndGlobalSection
	GlobalSection(ExtensibilityGlobals) = postSolution
		SolutionGuid = {E17948B6-6211-4DA4-A3E9-AF9CCED46373}
	EndGlobalSection
EndGlobal
